
Microsoft Visual Studio Solution File, Format Version 12.00
# Visual Studio Version 17
VisualStudioVersion = 17.14.36518.9
MinimumVisualStudioVersion = 10.0.40219.1
Project("{FAE04EC0-301F-11D3-BF4B-00C04F79EFBC}") = "CapaPresentacionT3", "CapaPresentacionT3.csproj", "{0A65201F-29EC-4719-BE84-63776CA92488}"
EndProject
Project("{FAE04EC0-301F-11D3-BF4B-00C04F79EFBC}") = "CapaEntidad", "..\CapaEntidad\CapaEntidad.csproj", "{6662064F-BB1C-4B9D-B270-50247B4C818E}"
EndProject
Project("{FAE04EC0-301F-11D3-BF4B-00C04F79EFBC}") = "CapaLogica", "..\CapaLogica\CapaLogica.csproj", "{3359BBBF-3968-453C-BE94-43D43D59BA78}"
EndProject
Project("{FAE04EC0-301F-11D3-BF4B-00C04F79EFBC}") = "CapaDatos", "..\CapaDatos\CapaDatos.csproj", "{2DE6A4D7-7558-4CAC-9666-A816CA2282B4}"
EndProject
Global
	GlobalSection(SolutionConfigurationPlatforms) = preSolution
		Debug|Any CPU = Debug|Any CPU
		Release|Any CPU = Release|Any CPU
	EndGlobalSection
	GlobalSection(ProjectConfigurationPlatforms) = postSolution
		{0A65201F-29EC-4719-BE84-63776CA92488}.Debug|Any CPU.ActiveCfg = Debug|Any CPU
		{0A65201F-29EC-4719-BE84-63776CA92488}.Debug|Any CPU.Build.0 = Debug|Any CPU
		{0A65201F-29EC-4719-BE84-63776CA92488}.Release|Any CPU.ActiveCfg = Release|Any CPU
		{0A65201F-29EC-4719-BE84-63776CA92488}.Release|Any CPU.Build.0 = Release|Any CPU
		{6662064F-BB1C-4B9D-B270-50247B4C818E}.Debug|Any CPU.ActiveCfg = Debug|Any CPU
		{6662064F-BB1C-4B9D-B270-50247B4C818E}.Debug|Any CPU.Build.0 = Debug|Any CPU
		{6662064F-BB1C-4B9D-B270-50247B4C818E}.Release|Any CPU.ActiveCfg = Release|Any CPU
		{6662064F-BB1C-4B9D-B270-50247B4C818E}.Release|Any CPU.Build.0 = Release|Any CPU
		{3359BBBF-3968-453C-BE94-43D43D59BA78}.Debug|Any CPU.ActiveCfg = Debug|Any CPU
		{3359BBBF-3968-453C-BE94-43D43D59BA78}.Debug|Any CPU.Build.0 = Debug|Any CPU
		{3359BBBF-3968-453C-BE94-43D43D59BA78}.Release|Any CPU.ActiveCfg = Release|Any CPU
		{3359BBBF-3968-453C-BE94-43D43D59BA78}.Release|Any CPU.Build.0 = Release|Any CPU
		{2DE6A4D7-7558-4CAC-9666-A816CA2282B4}.Debug|Any CPU.ActiveCfg = Debug|Any CPU
		{2DE6A4D7-7558-4CAC-9666-A816CA2282B4}.Debug|Any CPU.Build.0 = Debug|Any CPU
		{2DE6A4D7-7558-4CAC-9666-A816CA2282B4}.Release|Any CPU.ActiveCfg = Release|Any CPU
		{2DE6A4D7-7558-4CAC-9666-A816CA2282B4}.Release|Any CPU.Build.0 = Release|Any CPU
	EndGlobalSection
	GlobalSection(SolutionProperties) = preSolution
		HideSolutionNode = FALSE
	EndGlobalSection
	GlobalSection(ExtensibilityGlobals) = postSolution
		SolutionGuid = {568340ED-D3C3-4864-A9F1-F9487E915EA7}
	EndGlobalSection
EndGlobal
