
Microsoft Visual Studio Solution File, Format Version 12.00
# Visual Studio Version 17
VisualStudioVersion = 17.14.36518.9 d17.14
MinimumVisualStudioVersion = 10.0.40219.1
Project("{FAE04EC0-301F-11D3-BF4B-00C04F79EFBC}") = "proyecto_T3", "proyecto_T3.csproj", "{0A65201F-29EC-4719-BE84-63776CA92488}"
EndProject
Global
	GlobalSection(SolutionConfigurationPlatforms) = preSolution
		Debug|Any CPU = Debug|Any CPU
		Release|Any CPU = Release|Any CPU
	EndGlobalSection
	GlobalSection(ProjectConfigurationPlatforms) = postSolution
		{0A65201F-29EC-4719-BE84-63776CA92488}.Debug|Any CPU.ActiveCfg = Debug|Any CPU
		{0A65201F-29EC-4719-BE84-63776CA92488}.Debug|Any CPU.Build.0 = Debug|Any CPU
		{0A65201F-29EC-4719-BE84-63776CA92488}.Release|Any CPU.ActiveCfg = Release|Any CPU
		{0A65201F-29EC-4719-BE84-63776CA92488}.Release|Any CPU.Build.0 = Release|Any CPU
	EndGlobalSection
	GlobalSection(SolutionProperties) = preSolution
		HideSolutionNode = FALSE
	EndGlobalSection
	GlobalSection(ExtensibilityGlobals) = postSolution
		SolutionGuid = {568340ED-D3C3-4864-A9F1-F9487E915EA7}
	EndGlobalSection
EndGlobal
